
Microsoft Visual Studio Solution File, Format Version 12.00
# Visual Studio Version 16
VisualStudioVersion = 16.6.30114.105
MinimumVisualStudioVersion = 10.0.40219.1
Project("{9A19103F-16F7-4668-BE54-9A1E7A4F7556}") = "API", "API\API.csproj", "{BF6D676A-187C-49B0-9AA4-9B667C29C8C7}"
EndProject
Global
	GlobalSection(SolutionConfigurationPlatforms) = preSolution
		Debug|Any CPU = Debug|Any CPU
		Debug|x64 = Debug|x64
		Debug|x86 = Debug|x86
		Release|Any CPU = Release|Any CPU
		Release|x64 = Release|x64
		Release|x86 = Release|x86
	EndGlobalSection
	GlobalSection(ProjectConfigurationPlatforms) = postSolution
		{BF6D676A-187C-49B0-9AA4-9B667C29C8C7}.Debug|Any CPU.ActiveCfg = Debug|Any CPU
		{BF6D676A-187C-49B0-9AA4-9B667C29C8C7}.Debug|Any CPU.Build.0 = Debug|Any CPU
		{BF6D676A-187C-49B0-9AA4-9B667C29C8C7}.Debug|x64.ActiveCfg = Debug|Any CPU
		{BF6D676A-187C-49B0-9AA4-9B667C29C8C7}.Debug|x64.Build.0 = Debug|Any CPU
		{BF6D676A-187C-49B0-9AA4-9B667C29C8C7}.Debug|x86.ActiveCfg = Debug|Any CPU
		{BF6D676A-187C-49B0-9AA4-9B667C29C8C7}.Debug|x86.Build.0 = Debug|Any CPU
		{BF6D676A-187C-49B0-9AA4-9B667C29C8C7}.Release|Any CPU.ActiveCfg = Release|Any CPU
		{BF6D676A-187C-49B0-9AA4-9B667C29C8C7}.Release|Any CPU.Build.0 = Release|Any CPU
		{BF6D676A-187C-49B0-9AA4-9B667C29C8C7}.Release|x64.ActiveCfg = Release|Any CPU
		{BF6D676A-187C-49B0-9AA4-9B667C29C8C7}.Release|x64.Build.0 = Release|Any CPU
		{BF6D676A-187C-49B0-9AA4-9B667C29C8C7}.Release|x86.ActiveCfg = Release|Any CPU
		{BF6D676A-187C-49B0-9AA4-9B667C29C8C7}.Release|x86.Build.0 = Release|Any CPU
	EndGlobalSection
	GlobalSection(SolutionProperties) = preSolution
		HideSolutionNode = FALSE
	EndGlobalSection
	GlobalSection(ExtensibilityGlobals) = postSolution
		SolutionGuid = {6A66FF07-D90D-4C73-A878-18590D16D4D5}
	EndGlobalSection
EndGlobal
